
Microsoft Visual Studio Solution File, Format Version 11.00
# Visual Studio 2010
Project("{FAE04EC0-301F-11D3-BF4B-00C04F79EFBC}") = "GAZ.CSCourse2022.FirstAPP", "GAZ.CSCourse2022.FirstAPP\GAZ.CSCourse2022.FirstAPP.csproj", "{1601D80A-FD09-4639-AF4C-4C8E3023C8A4}"
EndProject
Global
	GlobalSection(SolutionConfigurationPlatforms) = preSolution
		Debug|x86 = Debug|x86
		Release|x86 = Release|x86
	EndGlobalSection
	GlobalSection(ProjectConfigurationPlatforms) = postSolution
		{1601D80A-FD09-4639-AF4C-4C8E3023C8A4}.Debug|x86.ActiveCfg = Debug|x86
		{1601D80A-FD09-4639-AF4C-4C8E3023C8A4}.Debug|x86.Build.0 = Debug|x86
		{1601D80A-FD09-4639-AF4C-4C8E3023C8A4}.Release|x86.ActiveCfg = Release|x86
		{1601D80A-FD09-4639-AF4C-4C8E3023C8A4}.Release|x86.Build.0 = Release|x86
	EndGlobalSection
	GlobalSection(SolutionProperties) = preSolution
		HideSolutionNode = FALSE
	EndGlobalSection
EndGlobal
